
Microsoft Visual Studio Solution File, Format Version 12.00
# Visual Studio Version 17
VisualStudioVersion = 17.3.32901.215
MinimumVisualStudioVersion = 10.0.40219.1
Project("{FAE04EC0-301F-11D3-BF4B-00C04F79EFBC}") = "Tetris", "Tetris.csproj", "{BC8004E3-3B08-4645-BC92-0FB2CFE31B69}"
EndProject
Global
	GlobalSection(SolutionConfigurationPlatforms) = preSolution
		Debug|Any CPU = Debug|Any CPU
		Release|Any CPU = Release|Any CPU
	EndGlobalSection
	GlobalSection(ProjectConfigurationPlatforms) = postSolution
		{BC8004E3-3B08-4645-BC92-0FB2CFE31B69}.Debug|Any CPU.ActiveCfg = Debug|Any CPU
		{BC8004E3-3B08-4645-BC92-0FB2CFE31B69}.Debug|Any CPU.Build.0 = Debug|Any CPU
		{BC8004E3-3B08-4645-BC92-0FB2CFE31B69}.Release|Any CPU.ActiveCfg = Release|Any CPU
		{BC8004E3-3B08-4645-BC92-0FB2CFE31B69}.Release|Any CPU.Build.0 = Release|Any CPU
	EndGlobalSection
	GlobalSection(SolutionProperties) = preSolution
		HideSolutionNode = FALSE
	EndGlobalSection
	GlobalSection(ExtensibilityGlobals) = postSolution
		SolutionGuid = {BC1A03AA-2C18-4CB7-858A-C28BB1CE03AA}
	EndGlobalSection
EndGlobal
